{
  "name": "app-atlas",
  "lockfileVersion": 3,
  "requires": true,
  "packages": {
    "": {
      "name": "app-atlas",
      "devDependencies": {
        "country-json": "^2.3.0",
        "world-countries": "^5.1.0"
      }
    },
    "node_modules/country-json": {
      "version": "2.3.0",
      "resolved": "https://registry.npmjs.org/country-json/-/country-json-2.3.0.tgz",
      "integrity": "sha512-T8QN3dVN6oQJRx+GapaQayNzVx4yh46R9Ka0bsOS8JclpdciciOB4MqbrneE6xYGuEz9zFT8csQYTJwohGNeIw==",
      "dev": true
    },
    "node_modules/world-countries": {
      "version": "5.1.0",
      "resolved": "https://registry.npmjs.org/world-countries/-/world-countries-5.1.0.tgz",
      "integrity": "sha512-CXR6EBvTbArDlDDIWU3gfKb7Qk0ck2WNZ234b/A0vuecPzIfzzxH+O6Ejnvg1sT8XuiZjVlzOH0h08ZtaO7g0w==",
      "dev": true
    }
  }
}
